
Microsoft Visual Studio Solution File, Format Version 12.00
# Visual Studio Version 17
VisualStudioVersion = 17.5.33516.290
MinimumVisualStudioVersion = 10.0.40219.1
Project("{9A19103F-16F7-4668-BE54-9A1E7A4F7556}") = "parafia-mbkm", "parafia-mbkm\parafia-mbkm.csproj", "{9AC96AD5-78B6-4D1C-BCFD-591F39932AD0}"
EndProject
Project("{9A19103F-16F7-4668-BE54-9A1E7A4F7556}") = "parafia-mbkm.data", "parafia-mbkm.data\parafia-mbkm.data.csproj", "{83ECD8F5-FED1-4BF7-9CE2-32155646CE03}"
EndProject
Global
	GlobalSection(SolutionConfigurationPlatforms) = preSolution
		Debug|Any CPU = Debug|Any CPU
		Release|Any CPU = Release|Any CPU
	EndGlobalSection
	GlobalSection(ProjectConfigurationPlatforms) = postSolution
		{9AC96AD5-78B6-4D1C-BCFD-591F39932AD0}.Debug|Any CPU.ActiveCfg = Debug|Any CPU
		{9AC96AD5-78B6-4D1C-BCFD-591F39932AD0}.Debug|Any CPU.Build.0 = Debug|Any CPU
		{9AC96AD5-78B6-4D1C-BCFD-591F39932AD0}.Release|Any CPU.ActiveCfg = Release|Any CPU
		{9AC96AD5-78B6-4D1C-BCFD-591F39932AD0}.Release|Any CPU.Build.0 = Release|Any CPU
		{83ECD8F5-FED1-4BF7-9CE2-32155646CE03}.Debug|Any CPU.ActiveCfg = Debug|Any CPU
		{83ECD8F5-FED1-4BF7-9CE2-32155646CE03}.Debug|Any CPU.Build.0 = Debug|Any CPU
		{83ECD8F5-FED1-4BF7-9CE2-32155646CE03}.Release|Any CPU.ActiveCfg = Release|Any CPU
		{83ECD8F5-FED1-4BF7-9CE2-32155646CE03}.Release|Any CPU.Build.0 = Release|Any CPU
	EndGlobalSection
	GlobalSection(SolutionProperties) = preSolution
		HideSolutionNode = FALSE
	EndGlobalSection
	GlobalSection(ExtensibilityGlobals) = postSolution
		SolutionGuid = {A1AB071D-A88E-43A5-A2BD-9CECE9334510}
	EndGlobalSection
EndGlobal
